PODS:
  - MJRefresh (3.1.15)
  - RxBase (0.1.0):
    - MJRefresh (= 3.1.15)
    - RxCocoa (= 4.5)
    - RxSwift (= 4.5.0)
  - RxCocoa (4.5.0):
    - RxSwift (>= 4.4.2, ~> 4.4)
  - RxSwift (4.5.0)

DEPENDENCIES:
  - RxBase (from `../`)

SPEC REPOS:
  https://github.com/cocoapods/specs.git:
    - MJRefresh
    - RxCocoa
    - RxSwift

EXTERNAL SOURCES:
  RxBase:
    :path: "../"

SPEC CHECKSUMS:
  MJRefresh: 9af70f5f9327a2cf87f0fb5929f35fcc2fa638ea
  RxBase: 3a10e250b89db8983b9179699208d7055a077442
  RxCocoa: cbf70265dc65a981d4ac982e513c10cf23df24a0
  RxSwift: f172070dfd1a93d70a9ab97a5a01166206e1c575

PODFILE CHECKSUM: cd80350c7d888af4727e8ecbe6b48345aaa455d2

COCOAPODS: 1.7.5
